{
  "object": {
    "pins": [
      {
        "package": "OperationPlus",
        "repositoryURL": "https://github.com/ChimeHQ/OperationPlus",
        "state": {
          "branch": null,
          "revision": "f5d2899e113943d7ea8f73462639217acc6b92b9",
          "version": "1.5.4"
        }
      },
      {
        "package": "Rearrange",
        "repositoryURL": "https://github.com/ChimeHQ/Rearrange",
        "state": {
          "branch": null,
          "revision": "c3f6b51b23c0ce26fc6a489439047ecc7a86094b",
          "version": "1.5.1"
        }
      },
      {
        "package": "SwiftTreeSitter",
        "repositoryURL": "https://github.com/ChimeHQ/SwiftTreeSitter",
        "state": {
          "branch": null,
          "revision": "1599b31f766e62765892904669ba91cdbe676ad0",
          "version": "0.4.0"
        }
      },
      {
        "package": "tree-sitter-xcframework",
        "repositoryURL": "https://github.com/krzyzanowskim/tree-sitter-xcframework",
        "state": {
          "branch": null,
          "revision": "357ba13bb81d783854fe29c2a8d927fe898b1848",
          "version": "0.206.3"
        }
      }
    ]
  },
  "version": 1
}
