{
  "pins" : [
    {
      "identity" : "rearrange",
      "kind" : "remoteSourceControl",
      "location" : "https://github.com/ChimeHQ/Rearrange",
      "state" : {
        "revision" : "0fb658e721c68495f6340c211cc6d4719e6b52d8",
        "version" : "1.6.0"
      }
    },
    {
      "identity" : "swifttreesitter",
      "kind" : "remoteSourceControl",
      "location" : "https://github.com/ChimeHQ/SwiftTreeSitter",
      "state" : {
        "revision" : "df25a52f72ebc5b50ae20d26d1363793408bb28b",
        "version" : "0.7.1"
      }
    }
  ],
  "version" : 2
}
