{
  "originHash" : "2de98472194b8e6dcd7467bb03cc243a4087294e5f04ad1708742bab9010c55a",
  "pins" : [
    {
      "identity" : "nsui",
      "kind" : "remoteSourceControl",
      "location" : "https://github.com/mattmassicotte/nsui.git",
      "state" : {
        "revision" : "d7c7aedb5b6b69cc5561f25c5bb02214cd6101b5"
      }
    },
    {
      "identity" : "rearrange",
      "kind" : "remoteSourceControl",
      "location" : "https://github.com/ChimeHQ/Rearrange",
      "state" : {
        "revision" : "f1d74e1642956f0300756ad8d1d64e9034857bc3",
        "version" : "2.0.0"
      }
    },
    {
      "identity" : "swifttreesitter",
      "kind" : "remoteSourceControl",
      "location" : "https://github.com/ChimeHQ/SwiftTreeSitter",
      "state" : {
        "branch" : "main",
        "revision" : "114a5156889b590bbd0021dca7141b64871e8fba"
      }
    },
    {
      "identity" : "tree-sitter",
      "kind" : "remoteSourceControl",
      "location" : "https://github.com/tree-sitter/tree-sitter",
      "state" : {
        "revision" : "da6fe9beb4f7f67beb75914ca8e0d48ae48d6406",
        "version" : "0.25.10"
      }
    },
    {
      "identity" : "tree-sitter-markdown",
      "kind" : "remoteSourceControl",
      "location" : "https://github.com/MDeiml/tree-sitter-markdown",
      "state" : {
        "branch" : "split_parser",
        "revision" : "44017499c51cb6431635ed51d5080e1fd05c2c21"
      }
    },
    {
      "identity" : "tree-sitter-swift",
      "kind" : "remoteSourceControl",
      "location" : "https://github.com/alex-pinkus/tree-sitter-swift/",
      "state" : {
        "branch" : "with-generated-files",
        "revision" : "caa99d7d3c14aac03b5f16fc86fedf8755570760"
      }
    }
  ],
  "version" : 3
}
